
Microsoft Visual Studio Solution File, Format Version 12.00
# Visual Studio 15
VisualStudioVersion = 15.0.28010.2048
MinimumVisualStudioVersion = 10.0.40219.1
Project("{FAE04EC0-301F-11D3-BF4B-00C04F79EFBC}") = "SampleDGWebApp", "SampleDGWebApp\SampleDGWebApp.csproj", "{318E0FE2-EDFE-4A1B-B55E-0C6405EDCB08}"
EndProject
Global
	GlobalSection(SolutionConfigurationPlatforms) = preSolution
		Debug|Any CPU = Debug|Any CPU
		Release|Any CPU = Release|Any CPU
	EndGlobalSection
	GlobalSection(ProjectConfigurationPlatforms) = postSolution
		{318E0FE2-EDFE-4A1B-B55E-0C6405EDCB08}.Debug|Any CPU.ActiveCfg = Debug|Any CPU
		{318E0FE2-EDFE-4A1B-B55E-0C6405EDCB08}.Debug|Any CPU.Build.0 = Debug|Any CPU
		{318E0FE2-EDFE-4A1B-B55E-0C6405EDCB08}.Release|Any CPU.ActiveCfg = Release|Any CPU
		{318E0FE2-EDFE-4A1B-B55E-0C6405EDCB08}.Release|Any CPU.Build.0 = Release|Any CPU
	EndGlobalSection
	GlobalSection(SolutionProperties) = preSolution
		HideSolutionNode = FALSE
	EndGlobalSection
	GlobalSection(ExtensibilityGlobals) = postSolution
		SolutionGuid = {EC964873-1F12-4F4E-9C7D-3F8134EA9EA2}
	EndGlobalSection
EndGlobal
